
Microsoft Visual Studio Solution File, Format Version 12.00
# Visual Studio Version 17
VisualStudioVersion = 17.14.36717.8 d17.14
MinimumVisualStudioVersion = 10.0.40219.1
Project("{FAE04EC0-301F-11D3-BF4B-00C04F79EFBC}") = "FoxDatabase", "FoxDatabase\FoxDatabase.csproj", "{B445B346-856D-450D-8B84-7AA1D5608EF9}"
EndProject
Global
	GlobalSection(SolutionConfigurationPlatforms) = preSolution
		Debug|Any CPU = Debug|Any CPU
		Release|Any CPU = Release|Any CPU
	EndGlobalSection
	GlobalSection(ProjectConfigurationPlatforms) = postSolution
		{B445B346-856D-450D-8B84-7AA1D5608EF9}.Debug|Any CPU.ActiveCfg = Debug|Any CPU
		{B445B346-856D-450D-8B84-7AA1D5608EF9}.Debug|Any CPU.Build.0 = Debug|Any CPU
		{B445B346-856D-450D-8B84-7AA1D5608EF9}.Release|Any CPU.ActiveCfg = Release|Any CPU
		{B445B346-856D-450D-8B84-7AA1D5608EF9}.Release|Any CPU.Build.0 = Release|Any CPU
	EndGlobalSection
	GlobalSection(SolutionProperties) = preSolution
		HideSolutionNode = FALSE
	EndGlobalSection
	GlobalSection(ExtensibilityGlobals) = postSolution
		SolutionGuid = {05E981EF-3565-44A2-A7E3-0133E48CE2C5}
	EndGlobalSection
EndGlobal
